// !$*UTF8*$!
{
	archiveVersion = 1;
	classes = {
	};
	objectVersion = 48;
	objects = {

/* Begin PBXBuildFile section */
		6711F7F81FCF2A67002D263B /* AppDelegate.swift in Sources */ = {isa = PBXBuildFile; fileRef = 6711F7F71FCF2A67002D263B /* AppDelegate.swift */; };
		6711F7FA1FCF2A67002D263B /* ViewController.swift in Sources */ = {isa = PBXBuildFile; fileRef = 6711F7F91FCF2A67002D263B /* ViewController.swift */; };
		6711F7FD1FCF2A67002D263B /* Main.storyboard in Resources */ = {isa = PBXBuildFile; fileRef = 6711F7FB1FCF2A67002D263B /* Main.storyboard */; };
		6711F8001FCF2A67002D263B /* DrawAR.xcdatamodeld in Sources */ = {isa = PBXBuildFile; fileRef = 6711F7FE1FCF2A67002D263B /* DrawAR.xcdatamodeld */; };
		6711F8021FCF2A67002D263B /* Assets.xcassets in Resources */ = {isa = PBXBuildFile; fileRef = 6711F8011FCF2A67002D263B /* Assets.xcassets */; };
		6711F8051FCF2A67002D263B /* LaunchScreen.storyboard in Resources */ = {isa = PBXBuildFile; fileRef = 6711F8031FCF2A67002D263B /* LaunchScreen.storyboard */; };
/* End PBXBuildFile section */

/* Begin PBXFileReference section */
		6711F7F41FCF2A67002D263B /* DrawAR.app */ = {isa = PBXFileReference; explicitFileType = wrapper.application; includeInIndex = 0; path = DrawAR.app; sourceTree = BUILT_PRODUCTS_DIR; };
		6711F7F71FCF2A67002D263B /* AppDelegate.swift */ = {isa = PBXFileReference; lastKnownFileType = sourcecode.swift; path = AppDelegate.swift; sourceTree = "<group>"; };
		6711F7F91FCF2A67002D263B /* ViewController.swift */ = {isa = PBXFileReference; lastKnownFileType = sourcecode.swift; path = ViewController.swift; sourceTree = "<group>"; };
		6711F7FC1FCF2A67002D263B /* Base */ = {isa = PBXFileReference; lastKnownFileType = file.storyboard; name = Base; path = Base.lproj/Main.storyboard; sourceTree = "<group>"; };
		6711F7FF1FCF2A67002D263B /* DrawAR.xcdatamodel */ = {isa = PBXFileReference; lastKnownFileType = wrapper.xcdatamodel; path = DrawAR.xcdatamodel; sourceTree = "<group>"; };
		6711F8011FCF2A67002D263B /* Assets.xcassets */ = {isa = PBXFileReference; lastKnownFileType = folder.assetcatalog; path = Assets.xcassets; sourceTree = "<group>"; };
		6711F8041FCF2A67002D263B /* Base */ = {isa = PBXFileReference; lastKnownFileType = file.storyboard; name = Base; path = Base.lproj/LaunchScreen.storyboard; sourceTree = "<group>"; };
		6711F8061FCF2A67002D263B /* Info.plist */ = {isa = PBXFileReference; lastKnownFileType = text.plist.xml; path = Info.plist; sourceTree = "<group>"; };
/* End PBXFileReference section */

/* Begin PBXFrameworksBuildPhase section */
		6711F7F11FCF2A67002D263B /* Frameworks */ = {
			isa = PBXFrameworksBuildPhase;
			buildActionMask = 2147483647;
			files = (
			);
			runOnlyForDeploymentPostprocessing = 0;
		};
/* End PBXFrameworksBuildPhase section */

/* Begin PBXGroup section */
		6711F7EB1FCF2A67002D263B = {
			isa = PBXGroup;
			children = (
				6711F7F61FCF2A67002D263B /* DrawAR */,
				6711F7F51FCF2A67002D263B /* Products */,
			);
			sourceTree = "<group>";
		};
		6711F7F51FCF2A67002D263B /* Products */ = {
			isa = PBXGroup;
			children = (
				6711F7F41FCF2A67002D263B /* DrawAR.app */,
			);
			name = Products;
			sourceTree = "<group>";
		};
		6711F7F61FCF2A67002D263B /* DrawAR */ = {
			isa = PBXGroup;
			children = (
				6711F7F71FCF2A67002D263B /* AppDelegate.swift */,
				6711F7F91FCF2A67002D263B /* ViewController.swift */,
				6711F7FB1FCF2A67002D263B /* Main.storyboard */,
				6711F8011FCF2A67002D263B /* Assets.xcassets */,
				6711F8031FCF2A67002D263B /* LaunchScreen.storyboard */,
				6711F8061FCF2A67002D263B /* Info.plist */,
				6711F7FE1FCF2A67002D263B /* DrawAR.xcdatamodeld */,
			);
			path = DrawAR;
			sourceTree = "<group>";
		};
/* End PBXGroup section */

/* Begin PBXNativeTarget section */
		6711F7F31FCF2A67002D263B /* DrawAR */ = {
			isa = PBXNativeTarget;
			buildConfigurationList = 6711F8091FCF2A67002D263B /* Build configuration list for PBXNativeTarget "DrawAR" */;
			buildPhases = (
				6711F7F01FCF2A67002D263B /* Sources */,
				6711F7F11FCF2A67002D263B /* Frameworks */,
				6711F7F21FCF2A67002D263B /* Resources */,
			);
			buildRules = (
			);
			dependencies = (
			);
			name = DrawAR;
			productName = DrawAR;
			productReference = 6711F7F41FCF2A67002D263B /* DrawAR.app */;
			productType = "com.apple.product-type.application";
		};
/* End PBXNativeTarget section */

/* Begin PBXProject section */
		6711F7EC1FCF2A67002D263B /* Project object */ = {
			isa = PBXProject;
			attributes = {
				LastSwiftUpdateCheck = 0910;
				LastUpgradeCheck = 0910;
				ORGANIZATIONNAME = "Christopher Davis";
				TargetAttributes = {
					6711F7F31FCF2A67002D263B = {
						CreatedOnToolsVersion = 9.1;
						ProvisioningStyle = Automatic;
					};
				};
			};
			buildConfigurationList = 6711F7EF1FCF2A67002D263B /* Build configuration list for PBXProject "DrawAR" */;
			compatibilityVersion = "Xcode 8.0";
			developmentRegion = en;
			hasScannedForEncodings = 0;
			knownRegions = (
				en,
				Base,
			);
			mainGroup = 6711F7EB1FCF2A67002D263B;
			productRefGroup = 6711F7F51FCF2A67002D263B /* Products */;
			projectDirPath = "";
			projectRoot = "";
			targets = (
				6711F7F31FCF2A67002D263B /* DrawAR */,
			);
		};
/* End PBXProject section */

/* Begin PBXResourcesBuildPhase section */
		6711F7F21FCF2A67002D263B /* Resources */ = {
			isa = PBXResourcesBuildPhase;
			buildActionMask = 2147483647;
			files = (
				6711F8051FCF2A67002D263B /* LaunchScreen.storyboard in Resources */,
				6711F8021FCF2A67002D263B /* Assets.xcassets in Resources */,
				6711F7FD1FCF2A67002D263B /* Main.storyboard in Resources */,
			);
			runOnlyForDeploymentPostprocessing = 0;
		};
/* End PBXResourcesBuildPhase section */

/* Begin PBXSourcesBuildPhase section */
		6711F7F01FCF2A67002D263B /* Sources */ = {
			isa = PBXSourcesBuildPhase;
			buildActionMask = 2147483647;
			files = (
				6711F8001FCF2A67002D263B /* DrawAR.xcdatamodeld in Sources */,
				6711F7FA1FCF2A67002D263B /* ViewController.swift in Sources */,
				6711F7F81FCF2A67002D263B /* AppDelegate.swift in Sources */,
			);
			runOnlyForDeploymentPostprocessing = 0;
		};
/* End PBXSourcesBuildPhase section */

/* Begin PBXVariantGroup section */
		6711F7FB1FCF2A67002D263B /* Main.storyboard */ = {
			isa = PBXVariantGroup;
			children = (
				6711F7FC1FCF2A67002D263B /* Base */,
			);
			name = Main.storyboard;
			sourceTree = "<group>";
		};
		6711F8031FCF2A67002D263B /* LaunchScreen.storyboard */ = {
			isa = PBXVariantGroup;
			children = (
				6711F8041FCF2A67002D263B /* Base */,
			);
			name = LaunchScreen.storyboard;
			sourceTree = "<group>";
		};
/* End PBXVariantGroup section */

/* Begin XCBuildConfiguration section */
		6711F8071FCF2A67002D263B /* Debug */ = {
			isa = XCBuildConfiguration;
			buildSettings = {
				ALWAYS_SEARCH_USER_PATHS = NO;
				CLANG_ANALYZER_NONNULL = YES;
				CLANG_ANALYZER_NUMBER_OBJECT_CONVERSION = YES_AGGRESSIVE;
				CLANG_CXX_LANGUAGE_STANDARD = "gnu++14";
				CLANG_CXX_LIBRARY = "libc++";
				CLANG_ENABLE_MODULES = YES;
				CLANG_ENABLE_OBJC_ARC = YES;
				CLANG_WARN_BLOCK_CAPTURE_AUTORELEASING = YES;
				CLANG_WARN_BOOL_CONVERSION = YES;
				CLANG_WARN_COMMA = YES;
				CLANG_WARN_CONSTANT_CONVERSION = YES;
				CLANG_WARN_DIRECT_OBJC_ISA_USAGE = YES_ERROR;
				CLANG_WARN_DOCUMENTATION_COMMENTS = YES;
				CLANG_WARN_EMPTY_BODY = YES;
				CLANG_WARN_ENUM_CONVERSION = YES;
				CLANG_WARN_INFINITE_RECURSION = YES;
				CLANG_WARN_INT_CONVERSION = YES;
				CLANG_WARN_NON_LITERAL_NULL_CONVERSION = YES;
				CLANG_WARN_OBJC_LITERAL_CONVERSION = YES;
				CLANG_WARN_OBJC_ROOT_CLASS = YES_ERROR;
				CLANG_WARN_RANGE_LOOP_ANALYSIS = YES;
				CLANG_WARN_STRICT_PROTOTYPES = YES;
				CLANG_WARN_SUSPICIOUS_MOVE = YES;
				CLANG_WARN_UNGUARDED_AVAILABILITY = YES_AGGRESSIVE;
				CLANG_WARN_UNREACHABLE_CODE = YES;
				CLANG_WARN__DUPLICATE_METHOD_MATCH = YES;
				CODE_SIGN_IDENTITY = "iPhone Developer";
				COPY_PHASE_STRIP = NO;
				DEBUG_INFORMATION_FORMAT = dwarf;
				ENABLE_STRICT_OBJC_MSGSEND = YES;
				ENABLE_TESTABILITY = YES;
				GCC_C_LANGUAGE_STANDARD = gnu11;
				GCC_DYNAMIC_NO_PIC = NO;
				GCC_NO_COMMON_BLOCKS = YES;
				GCC_OPTIMIZATION_LEVEL = 0;
				GCC_PREPROCESSOR_DEFINITIONS = (
					"DEBUG=1",
					"$(inherited)",
				);
				GCC_WARN_64_TO_32_BIT_CONVERSION = YES;
				GCC_WARN_ABOUT_RETURN_TYPE = YES_ERROR;
				GCC_WARN_UNDECLARED_SELECTOR = YES;
				GCC_WARN_UNINITIALIZED_AUTOS = YES_AGGRESSIVE;
				GCC_WARN_UNUSED_FUNCTION = YES;
				GCC_WARN_UNUSED_VARIABLE = YES;
				IPHONEOS_DEPLOYMENT_TARGET = 11.1;
				MTL_ENABLE_DEBUG_INFO = YES;
				ONLY_ACTIVE_ARCH = YES;
				SDKROOT = iphoneos;
				SWIFT_ACTIVE_COMPILATION_CONDITIONS = DEBUG;
				SWIFT_OPTIMIZATION_LEVEL = "-Onone";
			};
			name = Debug;
		};
		6711F8081FCF2A67002D263B /* Release */ = {
			isa = XCBuildConfiguration;
			buildSettings = {
				ALWAYS_SEARCH_USER_PATHS = NO;
				CLANG_ANALYZER_NONNULL = YES;
				CLANG_ANALYZER_NUMBER_OBJECT_CONVERSION = YES_AGGRESSIVE;
				CLANG_CXX_LANGUAGE_STANDARD = "gnu++14";
				CLANG_CXX_LIBRARY = "libc++";
				CLANG_ENABLE_MODULES = YES;
				CLANG_ENABLE_OBJC_ARC = YES;
				CLANG_WARN_BLOCK_CAPTURE_AUTORELEASING = YES;
				CLANG_WARN_BOOL_CONVERSION = YES;
				CLANG_WARN_COMMA = YES;
				CLANG_WARN_CONSTANT_CONVERSION = YES;
				CLANG_WARN_DIRECT_OBJC_ISA_USAGE = YES_ERROR;
				CLANG_WARN_DOCUMENTATION_COMMENTS = YES;
				CLANG_WARN_EMPTY_BODY = YES;
				CLANG_WARN_ENUM_CONVERSION = YES;
				CLANG_WARN_INFINITE_RECURSION = YES;
				CLANG_WARN_INT_CONVERSION = YES;
				CLANG_WARN_NON_LITERAL_NULL_CONVERSION = YES;
				CLANG_WARN_OBJC_LITERAL_CONVERSION = YES;
				CLANG_WARN_OBJC_ROOT_CLASS = YES_ERROR;
				CLANG_WARN_RANGE_LOOP_ANALYSIS = YES;
				CLANG_WARN_STRICT_PROTOTYPES = YES;
				CLANG_WARN_SUSPICIOUS_MOVE = YES;
				CLANG_WARN_UNGUARDED_AVAILABILITY = YES_AGGRESSIVE;
				CLANG_WARN_UNREACHABLE_CODE = YES;
				CLANG_WARN__DUPLICATE_METHOD_MATCH = YES;
				CODE_SIGN_IDENTITY = "iPhone Developer";
				COPY_PHASE_STRIP = NO;
				DEBUG_INFORMATION_FORMAT = "dwarf-with-dsym";
				ENABLE_NS_ASSERTIONS = NO;
				ENABLE_STRICT_OBJC_MSGSEND = YES;
				GCC_C_LANGUAGE_STANDARD = gnu11;
				GCC_NO_COMMON_BLOCKS = YES;
				GCC_WARN_64_TO_32_BIT_CONVERSION = YES;
				GCC_WARN_ABOUT_RETURN_TYPE = YES_ERROR;
				GCC_WARN_UNDECLARED_SELECTOR = YES;
				GCC_WARN_UNINITIALIZED_AUTOS = YES_AGGRESSIVE;
				GCC_WARN_UNUSED_FUNCTION = YES;
				GCC_WARN_UNUSED_VARIABLE = YES;
				IPHONEOS_DEPLOYMENT_TARGET = 11.1;
				MTL_ENABLE_DEBUG_INFO = NO;
				SDKROOT = iphoneos;
				SWIFT_OPTIMIZATION_LEVEL = "-Owholemodule";
				VALIDATE_PRODUCT = YES;
			};
			name = Release;
		};
		6711F80A1FCF2A67002D263B /* Debug */ = {
			isa = XCBuildConfiguration;
			buildSettings = {
				ASSETCATALOG_COMPILER_APPICON_NAME = AppIcon;
				CODE_SIGN_STYLE = Automatic;
				DEVELOPMENT_TEAM = UN82482E3H;
				INFOPLIST_FILE = DrawAR/Info.plist;
				LD_RUNPATH_SEARCH_PATHS = "$(inherited) @executable_path/Frameworks";
				PRODUCT_BUNDLE_IDENTIFIER = com.monkeyface.DrawAR;
				PRODUCT_NAME = "$(TARGET_NAME)";
				SWIFT_VERSION = 4.0;
				TARGETED_DEVICE_FAMILY = "1,2";
			};
			name = Debug;
		};
		6711F80B1FCF2A67002D263B /* Release */ = {
			isa = XCBuildConfiguration;
			buildSettings = {
				ASSETCATALOG_COMPILER_APPICON_NAME = AppIcon;
				CODE_SIGN_STYLE = Automatic;
				DEVELOPMENT_TEAM = UN82482E3H;
				INFOPLIST_FILE = DrawAR/Info.plist;
				LD_RUNPATH_SEARCH_PATHS = "$(inherited) @executable_path/Frameworks";
				PRODUCT_BUNDLE_IDENTIFIER = com.monkeyface.DrawAR;
				PRODUCT_NAME = "$(TARGET_NAME)";
				SWIFT_VERSION = 4.0;
				TARGETED_DEVICE_FAMILY = "1,2";
			};
			name = Release;
		};
/* End XCBuildConfiguration section */

/* Begin XCConfigurationList section */
		6711F7EF1FCF2A67002D263B /* Build configuration list for PBXProject "DrawAR" */ = {
			isa = XCConfigurationList;
			buildConfigurations = (
				6711F8071FCF2A67002D263B /* Debug */,
				6711F8081FCF2A67002D263B /* Release */,
			);
			defaultConfigurationIsVisible = 0;
			defaultConfigurationName = Release;
		};
		6711F8091FCF2A67002D263B /* Build configuration list for PBXNativeTarget "DrawAR" */ = {
			isa = XCConfigurationList;
			buildConfigurations = (
				6711F80A1FCF2A67002D263B /* Debug */,
				6711F80B1FCF2A67002D263B /* Release */,
			);
			defaultConfigurationIsVisible = 0;
			defaultConfigurationName = Release;
		};
/* End XCConfigurationList section */

/* Begin XCVersionGroup section */
		6711F7FE1FCF2A67002D263B /* DrawAR.xcdatamodeld */ = {
			isa = XCVersionGroup;
			children = (
				6711F7FF1FCF2A67002D263B /* DrawAR.xcdatamodel */,
			);
			currentVersion = 6711F7FF1FCF2A67002D263B /* DrawAR.xcdatamodel */;
			path = DrawAR.xcdatamodeld;
			sourceTree = "<group>";
			versionGroupType = wrapper.xcdatamodel;
		};
/* End XCVersionGroup section */
	};
	rootObject = 6711F7EC1FCF2A67002D263B /* Project object */;
}
